
Microsoft Visual Studio Solution File, Format Version 12.00
# Visual Studio Version 17
VisualStudioVersion = 17.5.33627.172
MinimumVisualStudioVersion = 10.0.40219.1
Project("{FAE04EC0-301F-11D3-BF4B-00C04F79EFBC}") = "FullApp", "FullApp\FullApp.csproj", "{48765781-030F-4BD5-8BA3-4D845918898E}"
EndProject
Global
	GlobalSection(SolutionConfigurationPlatforms) = preSolution
		Debug|Any CPU = Debug|Any CPU
		Release|Any CPU = Release|Any CPU
	EndGlobalSection
	GlobalSection(ProjectConfigurationPlatforms) = postSolution
		{48765781-030F-4BD5-8BA3-4D845918898E}.Debug|Any CPU.ActiveCfg = Debug|Any CPU
		{48765781-030F-4BD5-8BA3-4D845918898E}.Debug|Any CPU.Build.0 = Debug|Any CPU
		{48765781-030F-4BD5-8BA3-4D845918898E}.Release|Any CPU.ActiveCfg = Release|Any CPU
		{48765781-030F-4BD5-8BA3-4D845918898E}.Release|Any CPU.Build.0 = Release|Any CPU
	EndGlobalSection
	GlobalSection(SolutionProperties) = preSolution
		HideSolutionNode = FALSE
	EndGlobalSection
	GlobalSection(ExtensibilityGlobals) = postSolution
		SolutionGuid = {B9BE6502-19D9-41C6-B87C-3A72963B1E16}
	EndGlobalSection
EndGlobal
